// !$*UTF8*$!
{
	archiveVersion = 1;
	classes = {
	};
	objectVersion = 46;
	objects = {

/* Begin PBXBuildFile section */
		8B6E1670175C9FA70017F790 /* Foundation.framework in Frameworks */ = {isa = PBXBuildFile; fileRef = 8B6E166F175C9FA70017F790 /* Foundation.framework */; };
		8B6E1675175C9FA70017F790 /* SDJSONPrettyPrint.h in CopyFiles */ = {isa = PBXBuildFile; fileRef = 8B6E1674175C9FA70017F790 /* SDJSONPrettyPrint.h */; };
		8B6E1677175C9FA70017F790 /* SDJSONPrettyPrint.m in Sources */ = {isa = PBXBuildFile; fileRef = 8B6E1676175C9FA70017F790 /* SDJSONPrettyPrint.m */; };
		8B6E1686175CD99C0017F790 /* UIKit.framework in Frameworks */ = {isa = PBXBuildFile; fileRef = 8B6E1685175CD99C0017F790 /* UIKit.framework */; };
		8B6E1687175CD99C0017F790 /* Foundation.framework in Frameworks */ = {isa = PBXBuildFile; fileRef = 8B6E166F175C9FA70017F790 /* Foundation.framework */; };
		8B6E168D175CD99C0017F790 /* InfoPlist.strings in Resources */ = {isa = PBXBuildFile; fileRef = 8B6E168B175CD99C0017F790 /* InfoPlist.strings */; };
		8B6E1690175CD99C0017F790 /* SDJSONPrettyPrintTests.m in Sources */ = {isa = PBXBuildFile; fileRef = 8B6E168F175CD99C0017F790 /* SDJSONPrettyPrintTests.m */; };
		8B6E1695175CDAAD0017F790 /* SDJSONPrettyPrint.m in Sources */ = {isa = PBXBuildFile; fileRef = 8B6E1676175C9FA70017F790 /* SDJSONPrettyPrint.m */; };
		8B6E1697175CDF460017F790 /* NestedTest.json in Resources */ = {isa = PBXBuildFile; fileRef = 8B6E1696175CDF460017F790 /* NestedTest.json */; };
		8B754701175D8C33007B4FCC /* UnicodeTest.json in Resources */ = {isa = PBXBuildFile; fileRef = 8B754700175D8C33007B4FCC /* UnicodeTest.json */; };
		8B754703175D907A007B4FCC /* SortingTest.json in Resources */ = {isa = PBXBuildFile; fileRef = 8B754702175D907A007B4FCC /* SortingTest.json */; };
/* End PBXBuildFile section */

/* Begin PBXCopyFilesBuildPhase section */
		8B6E166A175C9FA70017F790 /* CopyFiles */ = {
			isa = PBXCopyFilesBuildPhase;
			buildActionMask = 2147483647;
			dstPath = "include/${PRODUCT_NAME}";
			dstSubfolderSpec = 16;
			files = (
				8B6E1675175C9FA70017F790 /* SDJSONPrettyPrint.h in CopyFiles */,
			);
			runOnlyForDeploymentPostprocessing = 0;
		};
/* End PBXCopyFilesBuildPhase section */

/* Begin PBXFileReference section */
		8B6E166C175C9FA70017F790 /* libSDJSONPrettyPrint.a */ = {isa = PBXFileReference; explicitFileType = archive.ar; includeInIndex = 0; path = libSDJSONPrettyPrint.a; sourceTree = BUILT_PRODUCTS_DIR; };
		8B6E166F175C9FA70017F790 /* Foundation.framework */ = {isa = PBXFileReference; lastKnownFileType = wrapper.framework; name = Foundation.framework; path = System/Library/Frameworks/Foundation.framework; sourceTree = SDKROOT; };
		8B6E1673175C9FA70017F790 /* SDJSONPrettyPrint-Prefix.pch */ = {isa = PBXFileReference; lastKnownFileType = sourcecode.c.h; path = "SDJSONPrettyPrint-Prefix.pch"; sourceTree = "<group>"; };
		8B6E1674175C9FA70017F790 /* SDJSONPrettyPrint.h */ = {isa = PBXFileReference; lastKnownFileType = sourcecode.c.h; path = SDJSONPrettyPrint.h; sourceTree = "<group>"; };
		8B6E1676175C9FA70017F790 /* SDJSONPrettyPrint.m */ = {isa = PBXFileReference; lastKnownFileType = sourcecode.c.objc; path = SDJSONPrettyPrint.m; sourceTree = "<group>"; };
		8B6E1682175CD99C0017F790 /* SDJSONPrettyPrintTests.xctest */ = {isa = PBXFileReference; explicitFileType = wrapper.cfbundle; includeInIndex = 0; path = SDJSONPrettyPrintTests.xctest; sourceTree = BUILT_PRODUCTS_DIR; };
		8B6E1685175CD99C0017F790 /* UIKit.framework */ = {isa = PBXFileReference; lastKnownFileType = wrapper.framework; name = UIKit.framework; path = Library/Frameworks/UIKit.framework; sourceTree = DEVELOPER_DIR; };
		8B6E168A175CD99C0017F790 /* SDJSONPrettyPrintTests-Info.plist */ = {isa = PBXFileReference; lastKnownFileType = text.plist.xml; path = "SDJSONPrettyPrintTests-Info.plist"; sourceTree = "<group>"; };
		8B6E168C175CD99C0017F790 /* en */ = {isa = PBXFileReference; lastKnownFileType = text.plist.strings; name = en; path = en.lproj/InfoPlist.strings; sourceTree = "<group>"; };
		8B6E168E175CD99C0017F790 /* SDJSONPrettyPrintTests.h */ = {isa = PBXFileReference; lastKnownFileType = sourcecode.c.h; path = SDJSONPrettyPrintTests.h; sourceTree = "<group>"; };
		8B6E168F175CD99C0017F790 /* SDJSONPrettyPrintTests.m */ = {isa = PBXFileReference; lastKnownFileType = sourcecode.c.objc; path = SDJSONPrettyPrintTests.m; sourceTree = "<group>"; };
		8B6E1691175CD99C0017F790 /* SDJSONPrettyPrintTests-Prefix.pch */ = {isa = PBXFileReference; lastKnownFileType = sourcecode.c.h; path = "SDJSONPrettyPrintTests-Prefix.pch"; sourceTree = "<group>"; };
		8B6E1696175CDF460017F790 /* NestedTest.json */ = {isa = PBXFileReference; fileEncoding = 4; indentWidth = 2; lastKnownFileType = text.json; path = NestedTest.json; sourceTree = "<group>"; tabWidth = 2; usesTabs = 0; };
		8B754700175D8C33007B4FCC /* UnicodeTest.json */ = {isa = PBXFileReference; fileEncoding = 4; lastKnownFileType = text.json; path = UnicodeTest.json; sourceTree = "<group>"; };
		8B754702175D907A007B4FCC /* SortingTest.json */ = {isa = PBXFileReference; fileEncoding = 4; indentWidth = 2; lastKnownFileType = text.json; path = SortingTest.json; sourceTree = "<group>"; tabWidth = 2; };
/* End PBXFileReference section */

/* Begin PBXFrameworksBuildPhase section */
		8B6E1669175C9FA70017F790 /* Frameworks */ = {
			isa = PBXFrameworksBuildPhase;
			buildActionMask = 2147483647;
			files = (
				8B6E1670175C9FA70017F790 /* Foundation.framework in Frameworks */,
			);
			runOnlyForDeploymentPostprocessing = 0;
		};
		8B6E167E175CD99C0017F790 /* Frameworks */ = {
			isa = PBXFrameworksBuildPhase;
			buildActionMask = 2147483647;
			files = (
				8B6E1686175CD99C0017F790 /* UIKit.framework in Frameworks */,
				8B6E1687175CD99C0017F790 /* Foundation.framework in Frameworks */,
			);
			runOnlyForDeploymentPostprocessing = 0;
		};
/* End PBXFrameworksBuildPhase section */

/* Begin PBXGroup section */
		8B6E1663175C9FA70017F790 = {
			isa = PBXGroup;
			children = (
				8B6E1671175C9FA70017F790 /* SDJSONPrettyPrint */,
				8B6E1688175CD99C0017F790 /* SDJSONPrettyPrintTests */,
				8B6E166E175C9FA70017F790 /* Frameworks */,
				8B6E166D175C9FA70017F790 /* Products */,
			);
			sourceTree = "<group>";
		};
		8B6E166D175C9FA70017F790 /* Products */ = {
			isa = PBXGroup;
			children = (
				8B6E166C175C9FA70017F790 /* libSDJSONPrettyPrint.a */,
				8B6E1682175CD99C0017F790 /* SDJSONPrettyPrintTests.xctest */,
			);
			name = Products;
			sourceTree = "<group>";
		};
		8B6E166E175C9FA70017F790 /* Frameworks */ = {
			isa = PBXGroup;
			children = (
				8B6E166F175C9FA70017F790 /* Foundation.framework */,
				8B6E1685175CD99C0017F790 /* UIKit.framework */,
			);
			name = Frameworks;
			sourceTree = "<group>";
		};
		8B6E1671175C9FA70017F790 /* SDJSONPrettyPrint */ = {
			isa = PBXGroup;
			children = (
				8B6E1674175C9FA70017F790 /* SDJSONPrettyPrint.h */,
				8B6E1676175C9FA70017F790 /* SDJSONPrettyPrint.m */,
				8B6E1672175C9FA70017F790 /* Supporting Files */,
			);
			path = SDJSONPrettyPrint;
			sourceTree = "<group>";
		};
		8B6E1672175C9FA70017F790 /* Supporting Files */ = {
			isa = PBXGroup;
			children = (
				8B6E1673175C9FA70017F790 /* SDJSONPrettyPrint-Prefix.pch */,
			);
			name = "Supporting Files";
			sourceTree = "<group>";
		};
		8B6E1688175CD99C0017F790 /* SDJSONPrettyPrintTests */ = {
			isa = PBXGroup;
			children = (
				8B6E168E175CD99C0017F790 /* SDJSONPrettyPrintTests.h */,
				8B6E168F175CD99C0017F790 /* SDJSONPrettyPrintTests.m */,
				8B6E1689175CD99C0017F790 /* Supporting Files */,
			);
			path = SDJSONPrettyPrintTests;
			sourceTree = "<group>";
		};
		8B6E1689175CD99C0017F790 /* Supporting Files */ = {
			isa = PBXGroup;
			children = (
				8B6E168A175CD99C0017F790 /* SDJSONPrettyPrintTests-Info.plist */,
				8B6E168B175CD99C0017F790 /* InfoPlist.strings */,
				8B6E1691175CD99C0017F790 /* SDJSONPrettyPrintTests-Prefix.pch */,
				8B6E1696175CDF460017F790 /* NestedTest.json */,
				8B754702175D907A007B4FCC /* SortingTest.json */,
				8B754700175D8C33007B4FCC /* UnicodeTest.json */,
			);
			name = "Supporting Files";
			sourceTree = "<group>";
		};
/* End PBXGroup section */

/* Begin PBXNativeTarget section */
		8B6E166B175C9FA70017F790 /* SDJSONPrettyPrint */ = {
			isa = PBXNativeTarget;
			buildConfigurationList = 8B6E167A175C9FA70017F790 /* Build configuration list for PBXNativeTarget "SDJSONPrettyPrint" */;
			buildPhases = (
				8B6E1668175C9FA70017F790 /* Sources */,
				8B6E1669175C9FA70017F790 /* Frameworks */,
				8B6E166A175C9FA70017F790 /* CopyFiles */,
			);
			buildRules = (
			);
			dependencies = (
			);
			name = SDJSONPrettyPrint;
			productName = SDJSONPrettyPrint;
			productReference = 8B6E166C175C9FA70017F790 /* libSDJSONPrettyPrint.a */;
			productType = "com.apple.product-type.library.static";
		};
		8B6E1681175CD99C0017F790 /* SDJSONPrettyPrintTests */ = {
			isa = PBXNativeTarget;
			buildConfigurationList = 8B6E1692175CD99C0017F790 /* Build configuration list for PBXNativeTarget "SDJSONPrettyPrintTests" */;
			buildPhases = (
				8B6E167D175CD99C0017F790 /* Sources */,
				8B6E167E175CD99C0017F790 /* Frameworks */,
				8B6E167F175CD99C0017F790 /* Resources */,
				8B6E1680175CD99C0017F790 /* ShellScript */,
			);
			buildRules = (
			);
			dependencies = (
			);
			name = SDJSONPrettyPrintTests;
			productName = SDJSONPrettyPrintTests;
			productReference = 8B6E1682175CD99C0017F790 /* SDJSONPrettyPrintTests.xctest */;
			productType = "com.apple.product-type.bundle.unit-test";
		};
/* End PBXNativeTarget section */

/* Begin PBXProject section */
		8B6E1664175C9FA70017F790 /* Project object */ = {
			isa = PBXProject;
			attributes = {
				LastTestingUpgradeCheck = 0630;
				LastUpgradeCheck = 0460;
				ORGANIZATIONNAME = Sudeium;
			};
			buildConfigurationList = 8B6E1667175C9FA70017F790 /* Build configuration list for PBXProject "SDJSONPrettyPrint" */;
			compatibilityVersion = "Xcode 3.2";
			developmentRegion = English;
			hasScannedForEncodings = 0;
			knownRegions = (
				en,
			);
			mainGroup = 8B6E1663175C9FA70017F790;
			productRefGroup = 8B6E166D175C9FA70017F790 /* Products */;
			projectDirPath = "";
			projectRoot = "";
			targets = (
				8B6E166B175C9FA70017F790 /* SDJSONPrettyPrint */,
				8B6E1681175CD99C0017F790 /* SDJSONPrettyPrintTests */,
			);
		};
/* End PBXProject section */

/* Begin PBXResourcesBuildPhase section */
		8B6E167F175CD99C0017F790 /* Resources */ = {
			isa = PBXResourcesBuildPhase;
			buildActionMask = 2147483647;
			files = (
				8B6E168D175CD99C0017F790 /* InfoPlist.strings in Resources */,
				8B6E1697175CDF460017F790 /* NestedTest.json in Resources */,
				8B754701175D8C33007B4FCC /* UnicodeTest.json in Resources */,
				8B754703175D907A007B4FCC /* SortingTest.json in Resources */,
			);
			runOnlyForDeploymentPostprocessing = 0;
		};
/* End PBXResourcesBuildPhase section */

/* Begin PBXShellScriptBuildPhase section */
		8B6E1680175CD99C0017F790 /* ShellScript */ = {
			isa = PBXShellScriptBuildPhase;
			buildActionMask = 2147483647;
			files = (
			);
			inputPaths = (
			);
			outputPaths = (
			);
			runOnlyForDeploymentPostprocessing = 0;
			shellPath = /bin/sh;
			shellScript = "# Run the unit tests in this test bundle.\n\"${SYSTEM_DEVELOPER_DIR}/Tools/RunUnitTests\"\n";
		};
/* End PBXShellScriptBuildPhase section */

/* Begin PBXSourcesBuildPhase section */
		8B6E1668175C9FA70017F790 /* Sources */ = {
			isa = PBXSourcesBuildPhase;
			buildActionMask = 2147483647;
			files = (
				8B6E1677175C9FA70017F790 /* SDJSONPrettyPrint.m in Sources */,
			);
			runOnlyForDeploymentPostprocessing = 0;
		};
		8B6E167D175CD99C0017F790 /* Sources */ = {
			isa = PBXSourcesBuildPhase;
			buildActionMask = 2147483647;
			files = (
				8B6E1690175CD99C0017F790 /* SDJSONPrettyPrintTests.m in Sources */,
				8B6E1695175CDAAD0017F790 /* SDJSONPrettyPrint.m in Sources */,
			);
			runOnlyForDeploymentPostprocessing = 0;
		};
/* End PBXSourcesBuildPhase section */

/* Begin PBXVariantGroup section */
		8B6E168B175CD99C0017F790 /* InfoPlist.strings */ = {
			isa = PBXVariantGroup;
			children = (
				8B6E168C175CD99C0017F790 /* en */,
			);
			name = InfoPlist.strings;
			sourceTree = "<group>";
		};
/* End PBXVariantGroup section */

/* Begin XCBuildConfiguration section */
		8B6E1678175C9FA70017F790 /* Debug */ = {
			isa = XCBuildConfiguration;
			buildSettings = {
				ALWAYS_SEARCH_USER_PATHS = NO;
				CLANG_CXX_LANGUAGE_STANDARD = "gnu++0x";
				CLANG_CXX_LIBRARY = "libc++";
				CLANG_ENABLE_OBJC_ARC = YES;
				CLANG_WARN_CONSTANT_CONVERSION = YES;
				CLANG_WARN_EMPTY_BODY = YES;
				CLANG_WARN_ENUM_CONVERSION = YES;
				CLANG_WARN_INT_CONVERSION = YES;
				CLANG_WARN__DUPLICATE_METHOD_MATCH = YES;
				COPY_PHASE_STRIP = NO;
				GCC_C_LANGUAGE_STANDARD = gnu99;
				GCC_DYNAMIC_NO_PIC = NO;
				GCC_OPTIMIZATION_LEVEL = 0;
				GCC_PREPROCESSOR_DEFINITIONS = (
					"DEBUG=1",
					"$(inherited)",
				);
				GCC_SYMBOLS_PRIVATE_EXTERN = NO;
				GCC_WARN_ABOUT_RETURN_TYPE = YES;
				GCC_WARN_UNINITIALIZED_AUTOS = YES;
				GCC_WARN_UNUSED_VARIABLE = YES;
				IPHONEOS_DEPLOYMENT_TARGET = 6.1;
				ONLY_ACTIVE_ARCH = YES;
				SDKROOT = iphoneos;
			};
			name = Debug;
		};
		8B6E1679175C9FA70017F790 /* Release */ = {
			isa = XCBuildConfiguration;
			buildSettings = {
				ALWAYS_SEARCH_USER_PATHS = NO;
				CLANG_CXX_LANGUAGE_STANDARD = "gnu++0x";
				CLANG_CXX_LIBRARY = "libc++";
				CLANG_ENABLE_OBJC_ARC = YES;
				CLANG_WARN_CONSTANT_CONVERSION = YES;
				CLANG_WARN_EMPTY_BODY = YES;
				CLANG_WARN_ENUM_CONVERSION = YES;
				CLANG_WARN_INT_CONVERSION = YES;
				CLANG_WARN__DUPLICATE_METHOD_MATCH = YES;
				COPY_PHASE_STRIP = YES;
				GCC_C_LANGUAGE_STANDARD = gnu99;
				GCC_WARN_ABOUT_RETURN_TYPE = YES;
				GCC_WARN_UNINITIALIZED_AUTOS = YES;
				GCC_WARN_UNUSED_VARIABLE = YES;
				IPHONEOS_DEPLOYMENT_TARGET = 6.1;
				SDKROOT = iphoneos;
				VALIDATE_PRODUCT = YES;
			};
			name = Release;
		};
		8B6E167B175C9FA70017F790 /* Debug */ = {
			isa = XCBuildConfiguration;
			buildSettings = {
				DSTROOT = /tmp/SDJSONPrettyPrint.dst;
				GCC_PRECOMPILE_PREFIX_HEADER = YES;
				GCC_PREFIX_HEADER = "SDJSONPrettyPrint/SDJSONPrettyPrint-Prefix.pch";
				OTHER_LDFLAGS = "-ObjC";
				PRODUCT_NAME = "$(TARGET_NAME)";
				SKIP_INSTALL = YES;
			};
			name = Debug;
		};
		8B6E167C175C9FA70017F790 /* Release */ = {
			isa = XCBuildConfiguration;
			buildSettings = {
				DSTROOT = /tmp/SDJSONPrettyPrint.dst;
				GCC_PRECOMPILE_PREFIX_HEADER = YES;
				GCC_PREFIX_HEADER = "SDJSONPrettyPrint/SDJSONPrettyPrint-Prefix.pch";
				OTHER_LDFLAGS = "-ObjC";
				PRODUCT_NAME = "$(TARGET_NAME)";
				SKIP_INSTALL = YES;
			};
			name = Release;
		};
		8B6E1693175CD99C0017F790 /* Debug */ = {
			isa = XCBuildConfiguration;
			buildSettings = {
				FRAMEWORK_SEARCH_PATHS = (
					"\"$(SDKROOT)/Developer/Library/Frameworks\"",
					"\"$(DEVELOPER_LIBRARY_DIR)/Frameworks\"",
					"$(inherited)",
				);
				GCC_PRECOMPILE_PREFIX_HEADER = YES;
				GCC_PREFIX_HEADER = "SDJSONPrettyPrintTests/SDJSONPrettyPrintTests-Prefix.pch";
				INFOPLIST_FILE = "SDJSONPrettyPrintTests/SDJSONPrettyPrintTests-Info.plist";
				PRODUCT_NAME = "$(TARGET_NAME)";
			};
			name = Debug;
		};
		8B6E1694175CD99C0017F790 /* Release */ = {
			isa = XCBuildConfiguration;
			buildSettings = {
				FRAMEWORK_SEARCH_PATHS = (
					"\"$(SDKROOT)/Developer/Library/Frameworks\"",
					"\"$(DEVELOPER_LIBRARY_DIR)/Frameworks\"",
					"$(inherited)",
				);
				GCC_PRECOMPILE_PREFIX_HEADER = YES;
				GCC_PREFIX_HEADER = "SDJSONPrettyPrintTests/SDJSONPrettyPrintTests-Prefix.pch";
				INFOPLIST_FILE = "SDJSONPrettyPrintTests/SDJSONPrettyPrintTests-Info.plist";
				PRODUCT_NAME = "$(TARGET_NAME)";
			};
			name = Release;
		};
/* End XCBuildConfiguration section */

/* Begin XCConfigurationList section */
		8B6E1667175C9FA70017F790 /* Build configuration list for PBXProject "SDJSONPrettyPrint" */ = {
			isa = XCConfigurationList;
			buildConfigurations = (
				8B6E1678175C9FA70017F790 /* Debug */,
				8B6E1679175C9FA70017F790 /* Release */,
			);
			defaultConfigurationIsVisible = 0;
			defaultConfigurationName = Release;
		};
		8B6E167A175C9FA70017F790 /* Build configuration list for PBXNativeTarget "SDJSONPrettyPrint" */ = {
			isa = XCConfigurationList;
			buildConfigurations = (
				8B6E167B175C9FA70017F790 /* Debug */,
				8B6E167C175C9FA70017F790 /* Release */,
			);
			defaultConfigurationIsVisible = 0;
			defaultConfigurationName = Release;
		};
		8B6E1692175CD99C0017F790 /* Build configuration list for PBXNativeTarget "SDJSONPrettyPrintTests" */ = {
			isa = XCConfigurationList;
			buildConfigurations = (
				8B6E1693175CD99C0017F790 /* Debug */,
				8B6E1694175CD99C0017F790 /* Release */,
			);
			defaultConfigurationIsVisible = 0;
			defaultConfigurationName = Release;
		};
/* End XCConfigurationList section */
	};
	rootObject = 8B6E1664175C9FA70017F790 /* Project object */;
}
